
Microsoft Visual Studio Solution File, Format Version 12.00
Project("{FAE04EC0-301F-11D3-BF4B-00C04F79EFBC}") = "WildberriesOrderProduct", "WildberriesOrderProduct\WildberriesOrderProduct.csproj", "{53CF2F4A-C8B9-488C-8096-CE304032F0AE}"
EndProject
Project("{FAE04EC0-301F-11D3-BF4B-00C04F79EFBC}") = "WildberriesUserClient", "WildberriesUserClient\WildberriesUserClient.csproj", "{F19FB763-BE94-47AA-AA06-5DABB35171E5}"
EndProject
Global
	GlobalSection(SolutionConfigurationPlatforms) = preSolution
		Debug|Any CPU = Debug|Any CPU
		Release|Any CPU = Release|Any CPU
	EndGlobalSection
	GlobalSection(ProjectConfigurationPlatforms) = postSolution
		{53CF2F4A-C8B9-488C-8096-CE304032F0AE}.Debug|Any CPU.ActiveCfg = Debug|Any CPU
		{53CF2F4A-C8B9-488C-8096-CE304032F0AE}.Debug|Any CPU.Build.0 = Debug|Any CPU
		{53CF2F4A-C8B9-488C-8096-CE304032F0AE}.Release|Any CPU.ActiveCfg = Release|Any CPU
		{53CF2F4A-C8B9-488C-8096-CE304032F0AE}.Release|Any CPU.Build.0 = Release|Any CPU
		{F19FB763-BE94-47AA-AA06-5DABB35171E5}.Debug|Any CPU.ActiveCfg = Debug|Any CPU
		{F19FB763-BE94-47AA-AA06-5DABB35171E5}.Debug|Any CPU.Build.0 = Debug|Any CPU
		{F19FB763-BE94-47AA-AA06-5DABB35171E5}.Release|Any CPU.ActiveCfg = Release|Any CPU
		{F19FB763-BE94-47AA-AA06-5DABB35171E5}.Release|Any CPU.Build.0 = Release|Any CPU
	EndGlobalSection
EndGlobal
